
Microsoft Visual Studio Solution File, Format Version 12.00
# Visual Studio Version 16
VisualStudioVersion = 16.0.33027.164
MinimumVisualStudioVersion = 10.0.40219.1
Project("{9A19103F-16F7-4668-BE54-9A1E7A4F7556}") = "WebApi", "WebApi\WebApi.csproj", "{012A50DF-73F5-456A-ADB5-10F500A3BFEE}"
EndProject
Project("{FAE04EC0-301F-11D3-BF4B-00C04F79EFBC}") = "WebApi.Service", "WebApi.Service\WebApi.Service.csproj", "{31263494-82AD-4A92-BFB2-3256EBF41572}"
EndProject
Project("{FAE04EC0-301F-11D3-BF4B-00C04F79EFBC}") = "WebApi.Data", "WebApi.Data\WebApi.Data.csproj", "{056A0882-D918-4742-9C9B-A612CEE1C76C}"
EndProject
Global
	GlobalSection(SolutionConfigurationPlatforms) = preSolution
		Debug|Any CPU = Debug|Any CPU
		Release|Any CPU = Release|Any CPU
	EndGlobalSection
	GlobalSection(ProjectConfigurationPlatforms) = postSolution
		{012A50DF-73F5-456A-ADB5-10F500A3BFEE}.Debug|Any CPU.ActiveCfg = Debug|Any CPU
		{012A50DF-73F5-456A-ADB5-10F500A3BFEE}.Debug|Any CPU.Build.0 = Debug|Any CPU
		{012A50DF-73F5-456A-ADB5-10F500A3BFEE}.Release|Any CPU.ActiveCfg = Release|Any CPU
		{012A50DF-73F5-456A-ADB5-10F500A3BFEE}.Release|Any CPU.Build.0 = Release|Any CPU
		{31263494-82AD-4A92-BFB2-3256EBF41572}.Debug|Any CPU.ActiveCfg = Debug|Any CPU
		{31263494-82AD-4A92-BFB2-3256EBF41572}.Debug|Any CPU.Build.0 = Debug|Any CPU
		{31263494-82AD-4A92-BFB2-3256EBF41572}.Release|Any CPU.ActiveCfg = Release|Any CPU
		{31263494-82AD-4A92-BFB2-3256EBF41572}.Release|Any CPU.Build.0 = Release|Any CPU
		{056A0882-D918-4742-9C9B-A612CEE1C76C}.Debug|Any CPU.ActiveCfg = Debug|Any CPU
		{056A0882-D918-4742-9C9B-A612CEE1C76C}.Debug|Any CPU.Build.0 = Debug|Any CPU
		{056A0882-D918-4742-9C9B-A612CEE1C76C}.Release|Any CPU.ActiveCfg = Release|Any CPU
		{056A0882-D918-4742-9C9B-A612CEE1C76C}.Release|Any CPU.Build.0 = Release|Any CPU
	EndGlobalSection
	GlobalSection(SolutionProperties) = preSolution
		HideSolutionNode = FALSE
	EndGlobalSection
	GlobalSection(ExtensibilityGlobals) = postSolution
		SolutionGuid = {8835627C-FA4D-4342-A5E1-7B37BE237F00}
	EndGlobalSection
EndGlobal
